// !$*UTF8*$!
{
	archiveVersion = 1;
	classes = {
	};
	objectVersion = 56;
	objects = {

/* Begin PBXBuildFile section */
		2A26677A2B9CD211005BAF19 /* WorkWhizApp.swift in Sources */ = {isa = PBXBuildFile; fileRef = 2A2667792B9CD211005BAF19 /* WorkWhizApp.swift */; };
		2A26677C2B9CD211005BAF19 /* ContentView.swift in Sources */ = {isa = PBXBuildFile; fileRef = 2A26677B2B9CD211005BAF19 /* ContentView.swift */; };
		2A26677E2B9CD212005BAF19 /* Assets.xcassets in Resources */ = {isa = PBXBuildFile; fileRef = 2A26677D2B9CD212005BAF19 /* Assets.xcassets */; };
		2A2667812B9CD212005BAF19 /* Preview Assets.xcassets in Resources */ = {isa = PBXBuildFile; fileRef = 2A2667802B9CD212005BAF19 /* Preview Assets.xcassets */; };
		2A26678B2B9CD212005BAF19 /* WorkWhizTests.swift in Sources */ = {isa = PBXBuildFile; fileRef = 2A26678A2B9CD212005BAF19 /* WorkWhizTests.swift */; };
		2A2667952B9CD212005BAF19 /* WorkWhizUITests.swift in Sources */ = {isa = PBXBuildFile; fileRef = 2A2667942B9CD212005BAF19 /* WorkWhizUITests.swift */; };
		2A2667972B9CD212005BAF19 /* WorkWhizUITestsLaunchTests.swift in Sources */ = {isa = PBXBuildFile; fileRef = 2A2667962B9CD212005BAF19 /* WorkWhizUITestsLaunchTests.swift */; };
		2A291FFE2BD142DB0066DF03 /* KeychainSwift in Frameworks */ = {isa = PBXBuildFile; productRef = 2A291FFD2BD142DB0066DF03 /* KeychainSwift */; };
		2A330F552BD708640046C7DE /* SignUpViewModel.swift in Sources */ = {isa = PBXBuildFile; fileRef = 2A330F542BD708640046C7DE /* SignUpViewModel.swift */; };
		2A330F572BD70B750046C7DE /* SignUpView.swift in Sources */ = {isa = PBXBuildFile; fileRef = 2A330F562BD70B750046C7DE /* SignUpView.swift */; };
		2A56B5C02BD58F1100AC2599 /* SourceSansPro-BlackItalic.ttf in Resources */ = {isa = PBXBuildFile; fileRef = 2A56B5B42BD58F1100AC2599 /* SourceSansPro-BlackItalic.ttf */; };
		2A56B5C12BD58F1100AC2599 /* SourceSansPro-SemiBoldItalic.ttf in Resources */ = {isa = PBXBuildFile; fileRef = 2A56B5B52BD58F1100AC2599 /* SourceSansPro-SemiBoldItalic.ttf */; };
		2A56B5C22BD58F1100AC2599 /* SourceSansPro-Regular.ttf in Resources */ = {isa = PBXBuildFile; fileRef = 2A56B5B62BD58F1100AC2599 /* SourceSansPro-Regular.ttf */; };
		2A56B5C32BD58F1100AC2599 /* SourceSansPro-Bold.ttf in Resources */ = {isa = PBXBuildFile; fileRef = 2A56B5B72BD58F1100AC2599 /* SourceSansPro-Bold.ttf */; };
		2A56B5C42BD58F1100AC2599 /* SourceSansPro-LightItalic.ttf in Resources */ = {isa = PBXBuildFile; fileRef = 2A56B5B82BD58F1100AC2599 /* SourceSansPro-LightItalic.ttf */; };
		2A56B5C52BD58F1100AC2599 /* SourceSansPro-Light.ttf in Resources */ = {isa = PBXBuildFile; fileRef = 2A56B5B92BD58F1100AC2599 /* SourceSansPro-Light.ttf */; };
		2A56B5C62BD58F1100AC2599 /* SourceSansPro-Black.ttf in Resources */ = {isa = PBXBuildFile; fileRef = 2A56B5BA2BD58F1100AC2599 /* SourceSansPro-Black.ttf */; };
		2A56B5C72BD58F1100AC2599 /* SourceSansPro-ExtraLight.ttf in Resources */ = {isa = PBXBuildFile; fileRef = 2A56B5BB2BD58F1100AC2599 /* SourceSansPro-ExtraLight.ttf */; };
		2A56B5C82BD58F1100AC2599 /* SourceSansPro-BoldItalic.ttf in Resources */ = {isa = PBXBuildFile; fileRef = 2A56B5BC2BD58F1100AC2599 /* SourceSansPro-BoldItalic.ttf */; };
		2A56B5C92BD58F1100AC2599 /* SourceSansPro-SemiBold.ttf in Resources */ = {isa = PBXBuildFile; fileRef = 2A56B5BD2BD58F1100AC2599 /* SourceSansPro-SemiBold.ttf */; };
		2A56B5CA2BD58F1100AC2599 /* SourceSansPro-ExtraLightItalic.ttf in Resources */ = {isa = PBXBuildFile; fileRef = 2A56B5BE2BD58F1100AC2599 /* SourceSansPro-ExtraLightItalic.ttf */; };
		2A56B5CB2BD58F1100AC2599 /* SourceSansPro-Italic.ttf in Resources */ = {isa = PBXBuildFile; fileRef = 2A56B5BF2BD58F1100AC2599 /* SourceSansPro-Italic.ttf */; };
		2A61A0F12BD64D0A0039FC92 /* SignInViewModel.swift in Sources */ = {isa = PBXBuildFile; fileRef = 2A61A0F02BD64D0A0039FC92 /* SignInViewModel.swift */; };
		2A61A0F32BD64D1A0039FC92 /* HomeViewModel.swift in Sources */ = {isa = PBXBuildFile; fileRef = 2A61A0F22BD64D1A0039FC92 /* HomeViewModel.swift */; };
		2A61A0F52BD64D840039FC92 /* HomeView.swift in Sources */ = {isa = PBXBuildFile; fileRef = 2A61A0F42BD64D840039FC92 /* HomeView.swift */; };
		2A61A0F82BD64E0F0039FC92 /* ColorExtension.swift in Sources */ = {isa = PBXBuildFile; fileRef = 2A61A0F72BD64E0F0039FC92 /* ColorExtension.swift */; };
		2A61A0FA2BD64E680039FC92 /* FontExtensions.swift in Sources */ = {isa = PBXBuildFile; fileRef = 2A61A0F92BD64E680039FC92 /* FontExtensions.swift */; };
		2A61A0FC2BD64EE50039FC92 /* AppTheme.swift in Sources */ = {isa = PBXBuildFile; fileRef = 2A61A0FB2BD64EE50039FC92 /* AppTheme.swift */; };
		2A61A1002BD64F380039FC92 /* Coordinator.swift in Sources */ = {isa = PBXBuildFile; fileRef = 2A61A0FF2BD64F380039FC92 /* Coordinator.swift */; };
		2A61A1062BD64F6A0039FC92 /* TabBarDestination.swift in Sources */ = {isa = PBXBuildFile; fileRef = 2A61A1052BD64F6A0039FC92 /* TabBarDestination.swift */; };
		2A61A1082BD64F740039FC92 /* TabBarCoordinatorView.swift in Sources */ = {isa = PBXBuildFile; fileRef = 2A61A1072BD64F740039FC92 /* TabBarCoordinatorView.swift */; };
		2A61A10A2BD64F830039FC92 /* TabBarCoordinator.swift in Sources */ = {isa = PBXBuildFile; fileRef = 2A61A1092BD64F830039FC92 /* TabBarCoordinator.swift */; };
		2A61A10C2BD64FB90039FC92 /* AppCoordinator.swift in Sources */ = {isa = PBXBuildFile; fileRef = 2A61A10B2BD64FB90039FC92 /* AppCoordinator.swift */; };
		2A61A10E2BD64FC90039FC92 /* AppCoordinatorView.swift in Sources */ = {isa = PBXBuildFile; fileRef = 2A61A10D2BD64FC90039FC92 /* AppCoordinatorView.swift */; };
		2A61A1102BD64FD20039FC92 /* AppDestination.swift in Sources */ = {isa = PBXBuildFile; fileRef = 2A61A10F2BD64FD20039FC92 /* AppDestination.swift */; };
		2A61A1142BD64FE00039FC92 /* HomeDestination.swift in Sources */ = {isa = PBXBuildFile; fileRef = 2A61A1112BD64FE00039FC92 /* HomeDestination.swift */; };
		2A61A1152BD64FE00039FC92 /* HomeCoordinatorView.swift in Sources */ = {isa = PBXBuildFile; fileRef = 2A61A1122BD64FE00039FC92 /* HomeCoordinatorView.swift */; };
		2A61A1162BD64FE00039FC92 /* HomeCoordinator.swift in Sources */ = {isa = PBXBuildFile; fileRef = 2A61A1132BD64FE00039FC92 /* HomeCoordinator.swift */; };
		2A61A11F2BD650300039FC92 /* LoginDestination.swift in Sources */ = {isa = PBXBuildFile; fileRef = 2A61A11C2BD650300039FC92 /* LoginDestination.swift */; };
		2A61A1202BD650300039FC92 /* LoginCoordinator.swift in Sources */ = {isa = PBXBuildFile; fileRef = 2A61A11D2BD650300039FC92 /* LoginCoordinator.swift */; };
		2A61A1212BD650300039FC92 /* LoginCoordinatorView.swift in Sources */ = {isa = PBXBuildFile; fileRef = 2A61A11E2BD650300039FC92 /* LoginCoordinatorView.swift */; };
		2A61A1272BD6D24E0039FC92 /* CornerRadius.swift in Sources */ = {isa = PBXBuildFile; fileRef = 2A61A1262BD6D24E0039FC92 /* CornerRadius.swift */; };
		2A6223252BD6E24800828BB9 /* CustomButton.swift in Sources */ = {isa = PBXBuildFile; fileRef = 2A6223242BD6E24800828BB9 /* CustomButton.swift */; };
		2A6223282BD6EF1300828BB9 /* Typealiases.swift in Sources */ = {isa = PBXBuildFile; fileRef = 2A6223272BD6EF1300828BB9 /* Typealiases.swift */; };
		2A62232A2BD6F07900828BB9 /* SignInView.swift in Sources */ = {isa = PBXBuildFile; fileRef = 2A6223292BD6F07900828BB9 /* SignInView.swift */; };
		2A747C752BD8067000404182 /* ForgotPasswordView.swift in Sources */ = {isa = PBXBuildFile; fileRef = 2A747C742BD8067000404182 /* ForgotPasswordView.swift */; };
		2A747C772BD8077000404182 /* ForgotPasswordViewModel.swift in Sources */ = {isa = PBXBuildFile; fileRef = 2A747C762BD8077000404182 /* ForgotPasswordViewModel.swift */; };
		2A747C7A2BD829C200404182 /* JobsCoordinator.swift in Sources */ = {isa = PBXBuildFile; fileRef = 2A747C792BD829C200404182 /* JobsCoordinator.swift */; };
		2A747C7C2BD829DD00404182 /* JobsCoordinatorView.swift in Sources */ = {isa = PBXBuildFile; fileRef = 2A747C7B2BD829DD00404182 /* JobsCoordinatorView.swift */; };
		2A747C7E2BD829F400404182 /* JobsDestination.swift in Sources */ = {isa = PBXBuildFile; fileRef = 2A747C7D2BD829F400404182 /* JobsDestination.swift */; };
		2A747C812BD82A6F00404182 /* JobsView.swift in Sources */ = {isa = PBXBuildFile; fileRef = 2A747C802BD82A6F00404182 /* JobsView.swift */; };
		2A747C832BD82A9500404182 /* JobsViewModel.swift in Sources */ = {isa = PBXBuildFile; fileRef = 2A747C822BD82A9500404182 /* JobsViewModel.swift */; };
		2A747C862BD82C2900404182 /* MessagesCoordinator.swift in Sources */ = {isa = PBXBuildFile; fileRef = 2A747C852BD82C2900404182 /* MessagesCoordinator.swift */; };
		2A747C882BD82C3700404182 /* MessagesCoordinatorView.swift in Sources */ = {isa = PBXBuildFile; fileRef = 2A747C872BD82C3700404182 /* MessagesCoordinatorView.swift */; };
		2A747C8A2BD82C5000404182 /* MessagesDestination.swift in Sources */ = {isa = PBXBuildFile; fileRef = 2A747C892BD82C5000404182 /* MessagesDestination.swift */; };
		2A747C8D2BD82CD600404182 /* MessagesView.swift in Sources */ = {isa = PBXBuildFile; fileRef = 2A747C8C2BD82CD600404182 /* MessagesView.swift */; };
		2A747C8F2BD82D0400404182 /* MessagesViewModel.swift in Sources */ = {isa = PBXBuildFile; fileRef = 2A747C8E2BD82D0400404182 /* MessagesViewModel.swift */; };
/* End PBXBuildFile section */

/* Begin PBXContainerItemProxy section */
		2A2667872B9CD212005BAF19 /* PBXContainerItemProxy */ = {
			isa = PBXContainerItemProxy;
			containerPortal = 2A26676E2B9CD211005BAF19 /* Project object */;
			proxyType = 1;
			remoteGlobalIDString = 2A2667752B9CD211005BAF19;
			remoteInfo = WorkWhiz;
		};
		2A2667912B9CD212005BAF19 /* PBXContainerItemProxy */ = {
			isa = PBXContainerItemProxy;
			containerPortal = 2A26676E2B9CD211005BAF19 /* Project object */;
			proxyType = 1;
			remoteGlobalIDString = 2A2667752B9CD211005BAF19;
			remoteInfo = WorkWhiz;
		};
/* End PBXContainerItemProxy section */

/* Begin PBXFileReference section */
		2A2667762B9CD211005BAF19 /* WorkWhiz.app */ = {isa = PBXFileReference; explicitFileType = wrapper.application; includeInIndex = 0; path = WorkWhiz.app; sourceTree = BUILT_PRODUCTS_DIR; };
		2A2667792B9CD211005BAF19 /* WorkWhizApp.swift */ = {isa = PBXFileReference; lastKnownFileType = sourcecode.swift; path = WorkWhizApp.swift; sourceTree = "<group>"; };
		2A26677B2B9CD211005BAF19 /* ContentView.swift */ = {isa = PBXFileReference; lastKnownFileType = sourcecode.swift; path = ContentView.swift; sourceTree = "<group>"; };
		2A26677D2B9CD212005BAF19 /* Assets.xcassets */ = {isa = PBXFileReference; lastKnownFileType = folder.assetcatalog; path = Assets.xcassets; sourceTree = "<group>"; };
		2A2667802B9CD212005BAF19 /* Preview Assets.xcassets */ = {isa = PBXFileReference; lastKnownFileType = folder.assetcatalog; path = "Preview Assets.xcassets"; sourceTree = "<group>"; };
		2A2667862B9CD212005BAF19 /* WorkWhizTests.xctest */ = {isa = PBXFileReference; explicitFileType = wrapper.cfbundle; includeInIndex = 0; path = WorkWhizTests.xctest; sourceTree = BUILT_PRODUCTS_DIR; };
		2A26678A2B9CD212005BAF19 /* WorkWhizTests.swift */ = {isa = PBXFileReference; lastKnownFileType = sourcecode.swift; path = WorkWhizTests.swift; sourceTree = "<group>"; };
		2A2667902B9CD212005BAF19 /* WorkWhizUITests.xctest */ = {isa = PBXFileReference; explicitFileType = wrapper.cfbundle; includeInIndex = 0; path = WorkWhizUITests.xctest; sourceTree = BUILT_PRODUCTS_DIR; };
		2A2667942B9CD212005BAF19 /* WorkWhizUITests.swift */ = {isa = PBXFileReference; lastKnownFileType = sourcecode.swift; path = WorkWhizUITests.swift; sourceTree = "<group>"; };
		2A2667962B9CD212005BAF19 /* WorkWhizUITestsLaunchTests.swift */ = {isa = PBXFileReference; lastKnownFileType = sourcecode.swift; path = WorkWhizUITestsLaunchTests.swift; sourceTree = "<group>"; };
		2A330F542BD708640046C7DE /* SignUpViewModel.swift */ = {isa = PBXFileReference; lastKnownFileType = sourcecode.swift; path = SignUpViewModel.swift; sourceTree = "<group>"; };
		2A330F562BD70B750046C7DE /* SignUpView.swift */ = {isa = PBXFileReference; lastKnownFileType = sourcecode.swift; path = SignUpView.swift; sourceTree = "<group>"; };
		2A56B5B42BD58F1100AC2599 /* SourceSansPro-BlackItalic.ttf */ = {isa = PBXFileReference; lastKnownFileType = file; path = "SourceSansPro-BlackItalic.ttf"; sourceTree = "<group>"; };
		2A56B5B52BD58F1100AC2599 /* SourceSansPro-SemiBoldItalic.ttf */ = {isa = PBXFileReference; lastKnownFileType = file; path = "SourceSansPro-SemiBoldItalic.ttf"; sourceTree = "<group>"; };
		2A56B5B62BD58F1100AC2599 /* SourceSansPro-Regular.ttf */ = {isa = PBXFileReference; lastKnownFileType = file; path = "SourceSansPro-Regular.ttf"; sourceTree = "<group>"; };
		2A56B5B72BD58F1100AC2599 /* SourceSansPro-Bold.ttf */ = {isa = PBXFileReference; lastKnownFileType = file; path = "SourceSansPro-Bold.ttf"; sourceTree = "<group>"; };
		2A56B5B82BD58F1100AC2599 /* SourceSansPro-LightItalic.ttf */ = {isa = PBXFileReference; lastKnownFileType = file; path = "SourceSansPro-LightItalic.ttf"; sourceTree = "<group>"; };
		2A56B5B92BD58F1100AC2599 /* SourceSansPro-Light.ttf */ = {isa = PBXFileReference; lastKnownFileType = file; path = "SourceSansPro-Light.ttf"; sourceTree = "<group>"; };
		2A56B5BA2BD58F1100AC2599 /* SourceSansPro-Black.ttf */ = {isa = PBXFileReference; lastKnownFileType = file; path = "SourceSansPro-Black.ttf"; sourceTree = "<group>"; };
		2A56B5BB2BD58F1100AC2599 /* SourceSansPro-ExtraLight.ttf */ = {isa = PBXFileReference; lastKnownFileType = file; path = "SourceSansPro-ExtraLight.ttf"; sourceTree = "<group>"; };
		2A56B5BC2BD58F1100AC2599 /* SourceSansPro-BoldItalic.ttf */ = {isa = PBXFileReference; lastKnownFileType = file; path = "SourceSansPro-BoldItalic.ttf"; sourceTree = "<group>"; };
		2A56B5BD2BD58F1100AC2599 /* SourceSansPro-SemiBold.ttf */ = {isa = PBXFileReference; lastKnownFileType = file; path = "SourceSansPro-SemiBold.ttf"; sourceTree = "<group>"; };
		2A56B5BE2BD58F1100AC2599 /* SourceSansPro-ExtraLightItalic.ttf */ = {isa = PBXFileReference; lastKnownFileType = file; path = "SourceSansPro-ExtraLightItalic.ttf"; sourceTree = "<group>"; };
		2A56B5BF2BD58F1100AC2599 /* SourceSansPro-Italic.ttf */ = {isa = PBXFileReference; lastKnownFileType = file; path = "SourceSansPro-Italic.ttf"; sourceTree = "<group>"; };
		2A61A0F02BD64D0A0039FC92 /* SignInViewModel.swift */ = {isa = PBXFileReference; fileEncoding = 4; lastKnownFileType = sourcecode.swift; path = SignInViewModel.swift; sourceTree = "<group>"; };
		2A61A0F22BD64D1A0039FC92 /* HomeViewModel.swift */ = {isa = PBXFileReference; fileEncoding = 4; lastKnownFileType = sourcecode.swift; path = HomeViewModel.swift; sourceTree = "<group>"; };
		2A61A0F42BD64D840039FC92 /* HomeView.swift */ = {isa = PBXFileReference; lastKnownFileType = sourcecode.swift; path = HomeView.swift; sourceTree = "<group>"; };
		2A61A0F72BD64E0F0039FC92 /* ColorExtension.swift */ = {isa = PBXFileReference; fileEncoding = 4; lastKnownFileType = sourcecode.swift; path = ColorExtension.swift; sourceTree = "<group>"; };
		2A61A0F92BD64E680039FC92 /* FontExtensions.swift */ = {isa = PBXFileReference; fileEncoding = 4; lastKnownFileType = sourcecode.swift; path = FontExtensions.swift; sourceTree = "<group>"; };
		2A61A0FB2BD64EE50039FC92 /* AppTheme.swift */ = {isa = PBXFileReference; fileEncoding = 4; lastKnownFileType = sourcecode.swift; path = AppTheme.swift; sourceTree = "<group>"; };
		2A61A0FF2BD64F380039FC92 /* Coordinator.swift */ = {isa = PBXFileReference; fileEncoding = 4; lastKnownFileType = sourcecode.swift; path = Coordinator.swift; sourceTree = "<group>"; };
		2A61A1052BD64F6A0039FC92 /* TabBarDestination.swift */ = {isa = PBXFileReference; fileEncoding = 4; lastKnownFileType = sourcecode.swift; path = TabBarDestination.swift; sourceTree = "<group>"; };
		2A61A1072BD64F740039FC92 /* TabBarCoordinatorView.swift */ = {isa = PBXFileReference; fileEncoding = 4; lastKnownFileType = sourcecode.swift; path = TabBarCoordinatorView.swift; sourceTree = "<group>"; };
		2A61A1092BD64F830039FC92 /* TabBarCoordinator.swift */ = {isa = PBXFileReference; fileEncoding = 4; lastKnownFileType = sourcecode.swift; path = TabBarCoordinator.swift; sourceTree = "<group>"; };
		2A61A10B2BD64FB90039FC92 /* AppCoordinator.swift */ = {isa = PBXFileReference; fileEncoding = 4; lastKnownFileType = sourcecode.swift; path = AppCoordinator.swift; sourceTree = "<group>"; };
		2A61A10D2BD64FC90039FC92 /* AppCoordinatorView.swift */ = {isa = PBXFileReference; fileEncoding = 4; lastKnownFileType = sourcecode.swift; path = AppCoordinatorView.swift; sourceTree = "<group>"; };
		2A61A10F2BD64FD20039FC92 /* AppDestination.swift */ = {isa = PBXFileReference; fileEncoding = 4; lastKnownFileType = sourcecode.swift; path = AppDestination.swift; sourceTree = "<group>"; };
		2A61A1112BD64FE00039FC92 /* HomeDestination.swift */ = {isa = PBXFileReference; fileEncoding = 4; lastKnownFileType = sourcecode.swift; path = HomeDestination.swift; sourceTree = "<group>"; };
		2A61A1122BD64FE00039FC92 /* HomeCoordinatorView.swift */ = {isa = PBXFileReference; fileEncoding = 4; lastKnownFileType = sourcecode.swift; path = HomeCoordinatorView.swift; sourceTree = "<group>"; };
		2A61A1132BD64FE00039FC92 /* HomeCoordinator.swift */ = {isa = PBXFileReference; fileEncoding = 4; lastKnownFileType = sourcecode.swift; path = HomeCoordinator.swift; sourceTree = "<group>"; };
		2A61A11C2BD650300039FC92 /* LoginDestination.swift */ = {isa = PBXFileReference; fileEncoding = 4; lastKnownFileType = sourcecode.swift; path = LoginDestination.swift; sourceTree = "<group>"; };
		2A61A11D2BD650300039FC92 /* LoginCoordinator.swift */ = {isa = PBXFileReference; fileEncoding = 4; lastKnownFileType = sourcecode.swift; path = LoginCoordinator.swift; sourceTree = "<group>"; };
		2A61A11E2BD650300039FC92 /* LoginCoordinatorView.swift */ = {isa = PBXFileReference; fileEncoding = 4; lastKnownFileType = sourcecode.swift; path = LoginCoordinatorView.swift; sourceTree = "<group>"; };
		2A61A1262BD6D24E0039FC92 /* CornerRadius.swift */ = {isa = PBXFileReference; lastKnownFileType = sourcecode.swift; path = CornerRadius.swift; sourceTree = "<group>"; };
		2A6223242BD6E24800828BB9 /* CustomButton.swift */ = {isa = PBXFileReference; lastKnownFileType = sourcecode.swift; path = CustomButton.swift; sourceTree = "<group>"; };
		2A6223262BD6E6D800828BB9 /* Info.plist */ = {isa = PBXFileReference; lastKnownFileType = text.plist; path = Info.plist; sourceTree = "<group>"; };
		2A6223272BD6EF1300828BB9 /* Typealiases.swift */ = {isa = PBXFileReference; lastKnownFileType = sourcecode.swift; path = Typealiases.swift; sourceTree = "<group>"; };
		2A6223292BD6F07900828BB9 /* SignInView.swift */ = {isa = PBXFileReference; lastKnownFileType = sourcecode.swift; path = SignInView.swift; sourceTree = "<group>"; };
		2A747C742BD8067000404182 /* ForgotPasswordView.swift */ = {isa = PBXFileReference; lastKnownFileType = sourcecode.swift; path = ForgotPasswordView.swift; sourceTree = "<group>"; };
		2A747C762BD8077000404182 /* ForgotPasswordViewModel.swift */ = {isa = PBXFileReference; lastKnownFileType = sourcecode.swift; path = ForgotPasswordViewModel.swift; sourceTree = "<group>"; };
		2A747C792BD829C200404182 /* JobsCoordinator.swift */ = {isa = PBXFileReference; lastKnownFileType = sourcecode.swift; path = JobsCoordinator.swift; sourceTree = "<group>"; };
		2A747C7B2BD829DD00404182 /* JobsCoordinatorView.swift */ = {isa = PBXFileReference; lastKnownFileType = sourcecode.swift; path = JobsCoordinatorView.swift; sourceTree = "<group>"; };
		2A747C7D2BD829F400404182 /* JobsDestination.swift */ = {isa = PBXFileReference; lastKnownFileType = sourcecode.swift; path = JobsDestination.swift; sourceTree = "<group>"; };
		2A747C802BD82A6F00404182 /* JobsView.swift */ = {isa = PBXFileReference; lastKnownFileType = sourcecode.swift; path = JobsView.swift; sourceTree = "<group>"; };
		2A747C822BD82A9500404182 /* JobsViewModel.swift */ = {isa = PBXFileReference; lastKnownFileType = sourcecode.swift; path = JobsViewModel.swift; sourceTree = "<group>"; };
		2A747C852BD82C2900404182 /* MessagesCoordinator.swift */ = {isa = PBXFileReference; lastKnownFileType = sourcecode.swift; path = MessagesCoordinator.swift; sourceTree = "<group>"; };
		2A747C872BD82C3700404182 /* MessagesCoordinatorView.swift */ = {isa = PBXFileReference; lastKnownFileType = sourcecode.swift; path = MessagesCoordinatorView.swift; sourceTree = "<group>"; };
		2A747C892BD82C5000404182 /* MessagesDestination.swift */ = {isa = PBXFileReference; lastKnownFileType = sourcecode.swift; path = MessagesDestination.swift; sourceTree = "<group>"; };
		2A747C8C2BD82CD600404182 /* MessagesView.swift */ = {isa = PBXFileReference; lastKnownFileType = sourcecode.swift; path = MessagesView.swift; sourceTree = "<group>"; };
		2A747C8E2BD82D0400404182 /* MessagesViewModel.swift */ = {isa = PBXFileReference; lastKnownFileType = sourcecode.swift; path = MessagesViewModel.swift; sourceTree = "<group>"; };
/* End PBXFileReference section */

/* Begin PBXFrameworksBuildPhase section */
		2A2667732B9CD211005BAF19 /* Frameworks */ = {
			isa = PBXFrameworksBuildPhase;
			buildActionMask = 2147483647;
			files = (
				2A291FFE2BD142DB0066DF03 /* KeychainSwift in Frameworks */,
			);
			runOnlyForDeploymentPostprocessing = 0;
		};
		2A2667832B9CD212005BAF19 /* Frameworks */ = {
			isa = PBXFrameworksBuildPhase;
			buildActionMask = 2147483647;
			files = (
			);
			runOnlyForDeploymentPostprocessing = 0;
		};
		2A26678D2B9CD212005BAF19 /* Frameworks */ = {
			isa = PBXFrameworksBuildPhase;
			buildActionMask = 2147483647;
			files = (
			);
			runOnlyForDeploymentPostprocessing = 0;
		};
/* End PBXFrameworksBuildPhase section */

/* Begin PBXGroup section */
		2A26676D2B9CD211005BAF19 = {
			isa = PBXGroup;
			children = (
				2A2667782B9CD211005BAF19 /* WorkWhiz */,
				2A2667892B9CD212005BAF19 /* WorkWhizTests */,
				2A2667932B9CD212005BAF19 /* WorkWhizUITests */,
				2A2667772B9CD211005BAF19 /* Products */,
			);
			sourceTree = "<group>";
		};
		2A2667772B9CD211005BAF19 /* Products */ = {
			isa = PBXGroup;
			children = (
				2A2667762B9CD211005BAF19 /* WorkWhiz.app */,
				2A2667862B9CD212005BAF19 /* WorkWhizTests.xctest */,
				2A2667902B9CD212005BAF19 /* WorkWhizUITests.xctest */,
			);
			name = Products;
			sourceTree = "<group>";
		};
		2A2667782B9CD211005BAF19 /* WorkWhiz */ = {
			isa = PBXGroup;
			children = (
				2A6223262BD6E6D800828BB9 /* Info.plist */,
				2A291FF42BD13FEB0066DF03 /* Features */,
				2A61A0F62BD64DDA0039FC92 /* Modifiers */,
				2A6223232BD6E20F00828BB9 /* CustomViews */,
				2A291FF22BD13FD40066DF03 /* Utilities */,
				2A291FF12BD13F2D0066DF03 /* Coordinators */,
				2A2667792B9CD211005BAF19 /* WorkWhizApp.swift */,
				2A26677B2B9CD211005BAF19 /* ContentView.swift */,
				2A26677D2B9CD212005BAF19 /* Assets.xcassets */,
				2A26677F2B9CD212005BAF19 /* Preview Content */,
			);
			path = WorkWhiz;
			sourceTree = "<group>";
		};
		2A26677F2B9CD212005BAF19 /* Preview Content */ = {
			isa = PBXGroup;
			children = (
				2A2667802B9CD212005BAF19 /* Preview Assets.xcassets */,
			);
			path = "Preview Content";
			sourceTree = "<group>";
		};
		2A2667892B9CD212005BAF19 /* WorkWhizTests */ = {
			isa = PBXGroup;
			children = (
				2A26678A2B9CD212005BAF19 /* WorkWhizTests.swift */,
			);
			path = WorkWhizTests;
			sourceTree = "<group>";
		};
		2A2667932B9CD212005BAF19 /* WorkWhizUITests */ = {
			isa = PBXGroup;
			children = (
				2A2667942B9CD212005BAF19 /* WorkWhizUITests.swift */,
				2A2667962B9CD212005BAF19 /* WorkWhizUITestsLaunchTests.swift */,
			);
			path = WorkWhizUITests;
			sourceTree = "<group>";
		};
		2A291FF12BD13F2D0066DF03 /* Coordinators */ = {
			isa = PBXGroup;
			children = (
				2A747C842BD82C0900404182 /* MessagesCoordinator */,
				2A61A0FF2BD64F380039FC92 /* Coordinator.swift */,
				2A61A11B2BD64FFD0039FC92 /* LoginCoordinator */,
				2A56B5CC2BD59A2200AC2599 /* HomeCoordinator */,
				2A747C782BD8298800404182 /* JobsCoordinator */,
				2A2920032BD14CD60066DF03 /* TabBarCoordinator */,
				2A291FF72BD1416B0066DF03 /* AppCoordinator */,
			);
			path = Coordinators;
			sourceTree = "<group>";
		};
		2A291FF22BD13FD40066DF03 /* Utilities */ = {
			isa = PBXGroup;
			children = (
				2A56B5B32BD58F1100AC2599 /* Fonts */,
				2A56B5AE2BD5896C00AC2599 /* Extensions */,
				2A56B5AB2BD586CD00AC2599 /* Theme */,
			);
			path = Utilities;
			sourceTree = "<group>";
		};
		2A291FF42BD13FEB0066DF03 /* Features */ = {
			isa = PBXGroup;
			children = (
				2A747C8B2BD82CC300404182 /* Messages */,
				2A747C7F2BD82A5600404182 /* Jobs */,
				2A747C732BD8060800404182 /* ForgotPassword */,
				2A330F532BD708240046C7DE /* SignUp */,
				2A56B5E12BD5ACD800AC2599 /* SignIn */,
				2A56B5D32BD59C9D00AC2599 /* Home */,
			);
			path = Features;
			sourceTree = "<group>";
		};
		2A291FF72BD1416B0066DF03 /* AppCoordinator */ = {
			isa = PBXGroup;
			children = (
				2A61A10F2BD64FD20039FC92 /* AppDestination.swift */,
				2A61A10D2BD64FC90039FC92 /* AppCoordinatorView.swift */,
				2A61A10B2BD64FB90039FC92 /* AppCoordinator.swift */,
			);
			path = AppCoordinator;
			sourceTree = "<group>";
		};
		2A2920032BD14CD60066DF03 /* TabBarCoordinator */ = {
			isa = PBXGroup;
			children = (
				2A61A1092BD64F830039FC92 /* TabBarCoordinator.swift */,
				2A61A1072BD64F740039FC92 /* TabBarCoordinatorView.swift */,
				2A61A1052BD64F6A0039FC92 /* TabBarDestination.swift */,
			);
			path = TabBarCoordinator;
			sourceTree = "<group>";
		};
		2A330F532BD708240046C7DE /* SignUp */ = {
			isa = PBXGroup;
			children = (
				2A330F542BD708640046C7DE /* SignUpViewModel.swift */,
				2A330F562BD70B750046C7DE /* SignUpView.swift */,
			);
			path = SignUp;
			sourceTree = "<group>";
		};
		2A56B5AB2BD586CD00AC2599 /* Theme */ = {
			isa = PBXGroup;
			children = (
				2A61A0FB2BD64EE50039FC92 /* AppTheme.swift */,
			);
			path = Theme;
			sourceTree = "<group>";
		};
		2A56B5AE2BD5896C00AC2599 /* Extensions */ = {
			isa = PBXGroup;
			children = (
				2A61A0F92BD64E680039FC92 /* FontExtensions.swift */,
				2A6223272BD6EF1300828BB9 /* Typealiases.swift */,
				2A61A0F72BD64E0F0039FC92 /* ColorExtension.swift */,
			);
			path = Extensions;
			sourceTree = "<group>";
		};
		2A56B5B32BD58F1100AC2599 /* Fonts */ = {
			isa = PBXGroup;
			children = (
				2A56B5B42BD58F1100AC2599 /* SourceSansPro-BlackItalic.ttf */,
				2A56B5B52BD58F1100AC2599 /* SourceSansPro-SemiBoldItalic.ttf */,
				2A56B5B62BD58F1100AC2599 /* SourceSansPro-Regular.ttf */,
				2A56B5B72BD58F1100AC2599 /* SourceSansPro-Bold.ttf */,
				2A56B5B82BD58F1100AC2599 /* SourceSansPro-LightItalic.ttf */,
				2A56B5B92BD58F1100AC2599 /* SourceSansPro-Light.ttf */,
				2A56B5BA2BD58F1100AC2599 /* SourceSansPro-Black.ttf */,
				2A56B5BB2BD58F1100AC2599 /* SourceSansPro-ExtraLight.ttf */,
				2A56B5BC2BD58F1100AC2599 /* SourceSansPro-BoldItalic.ttf */,
				2A56B5BD2BD58F1100AC2599 /* SourceSansPro-SemiBold.ttf */,
				2A56B5BE2BD58F1100AC2599 /* SourceSansPro-ExtraLightItalic.ttf */,
				2A56B5BF2BD58F1100AC2599 /* SourceSansPro-Italic.ttf */,
			);
			path = Fonts;
			sourceTree = "<group>";
		};
		2A56B5CC2BD59A2200AC2599 /* HomeCoordinator */ = {
			isa = PBXGroup;
			children = (
				2A61A1132BD64FE00039FC92 /* HomeCoordinator.swift */,
				2A61A1122BD64FE00039FC92 /* HomeCoordinatorView.swift */,
				2A61A1112BD64FE00039FC92 /* HomeDestination.swift */,
			);
			path = HomeCoordinator;
			sourceTree = "<group>";
		};
		2A56B5D32BD59C9D00AC2599 /* Home */ = {
			isa = PBXGroup;
			children = (
				2A61A0F22BD64D1A0039FC92 /* HomeViewModel.swift */,
				2A61A0F42BD64D840039FC92 /* HomeView.swift */,
			);
			path = Home;
			sourceTree = "<group>";
		};
		2A56B5E12BD5ACD800AC2599 /* SignIn */ = {
			isa = PBXGroup;
			children = (
				2A61A0F02BD64D0A0039FC92 /* SignInViewModel.swift */,
				2A6223292BD6F07900828BB9 /* SignInView.swift */,
			);
			path = SignIn;
			sourceTree = "<group>";
		};
		2A61A0F62BD64DDA0039FC92 /* Modifiers */ = {
			isa = PBXGroup;
			children = (
				2A61A1262BD6D24E0039FC92 /* CornerRadius.swift */,
			);
			path = Modifiers;
			sourceTree = "<group>";
		};
		2A61A11B2BD64FFD0039FC92 /* LoginCoordinator */ = {
			isa = PBXGroup;
			children = (
				2A61A11D2BD650300039FC92 /* LoginCoordinator.swift */,
				2A61A11E2BD650300039FC92 /* LoginCoordinatorView.swift */,
				2A61A11C2BD650300039FC92 /* LoginDestination.swift */,
			);
			path = LoginCoordinator;
			sourceTree = "<group>";
		};
		2A6223232BD6E20F00828BB9 /* CustomViews */ = {
			isa = PBXGroup;
			children = (
				2A6223242BD6E24800828BB9 /* CustomButton.swift */,
			);
			path = CustomViews;
			sourceTree = "<group>";
		};
		2A747C732BD8060800404182 /* ForgotPassword */ = {
			isa = PBXGroup;
			children = (
				2A747C742BD8067000404182 /* ForgotPasswordView.swift */,
				2A747C762BD8077000404182 /* ForgotPasswordViewModel.swift */,
			);
			path = ForgotPassword;
			sourceTree = "<group>";
		};
		2A747C782BD8298800404182 /* JobsCoordinator */ = {
			isa = PBXGroup;
			children = (
				2A747C792BD829C200404182 /* JobsCoordinator.swift */,
				2A747C7B2BD829DD00404182 /* JobsCoordinatorView.swift */,
				2A747C7D2BD829F400404182 /* JobsDestination.swift */,
			);
			path = JobsCoordinator;
			sourceTree = "<group>";
		};
		2A747C7F2BD82A5600404182 /* Jobs */ = {
			isa = PBXGroup;
			children = (
				2A747C802BD82A6F00404182 /* JobsView.swift */,
				2A747C822BD82A9500404182 /* JobsViewModel.swift */,
			);
			path = Jobs;
			sourceTree = "<group>";
		};
		2A747C842BD82C0900404182 /* MessagesCoordinator */ = {
			isa = PBXGroup;
			children = (
				2A747C852BD82C2900404182 /* MessagesCoordinator.swift */,
				2A747C872BD82C3700404182 /* MessagesCoordinatorView.swift */,
				2A747C892BD82C5000404182 /* MessagesDestination.swift */,
			);
			path = MessagesCoordinator;
			sourceTree = "<group>";
		};
		2A747C8B2BD82CC300404182 /* Messages */ = {
			isa = PBXGroup;
			children = (
				2A747C8C2BD82CD600404182 /* MessagesView.swift */,
				2A747C8E2BD82D0400404182 /* MessagesViewModel.swift */,
			);
			path = Messages;
			sourceTree = "<group>";
		};
/* End PBXGroup section */

/* Begin PBXNativeTarget section */
		2A2667752B9CD211005BAF19 /* WorkWhiz */ = {
			isa = PBXNativeTarget;
			buildConfigurationList = 2A26679A2B9CD212005BAF19 /* Build configuration list for PBXNativeTarget "WorkWhiz" */;
			buildPhases = (
				2A2667722B9CD211005BAF19 /* Sources */,
				2A2667732B9CD211005BAF19 /* Frameworks */,
				2A2667742B9CD211005BAF19 /* Resources */,
			);
			buildRules = (
			);
			dependencies = (
			);
			name = WorkWhiz;
			packageProductDependencies = (
				2A291FFD2BD142DB0066DF03 /* KeychainSwift */,
			);
			productName = WorkWhiz;
			productReference = 2A2667762B9CD211005BAF19 /* WorkWhiz.app */;
			productType = "com.apple.product-type.application";
		};
		2A2667852B9CD212005BAF19 /* WorkWhizTests */ = {
			isa = PBXNativeTarget;
			buildConfigurationList = 2A26679D2B9CD212005BAF19 /* Build configuration list for PBXNativeTarget "WorkWhizTests" */;
			buildPhases = (
				2A2667822B9CD212005BAF19 /* Sources */,
				2A2667832B9CD212005BAF19 /* Frameworks */,
				2A2667842B9CD212005BAF19 /* Resources */,
			);
			buildRules = (
			);
			dependencies = (
				2A2667882B9CD212005BAF19 /* PBXTargetDependency */,
			);
			name = WorkWhizTests;
			productName = WorkWhizTests;
			productReference = 2A2667862B9CD212005BAF19 /* WorkWhizTests.xctest */;
			productType = "com.apple.product-type.bundle.unit-test";
		};
		2A26678F2B9CD212005BAF19 /* WorkWhizUITests */ = {
			isa = PBXNativeTarget;
			buildConfigurationList = 2A2667A02B9CD212005BAF19 /* Build configuration list for PBXNativeTarget "WorkWhizUITests" */;
			buildPhases = (
				2A26678C2B9CD212005BAF19 /* Sources */,
				2A26678D2B9CD212005BAF19 /* Frameworks */,
				2A26678E2B9CD212005BAF19 /* Resources */,
			);
			buildRules = (
			);
			dependencies = (
				2A2667922B9CD212005BAF19 /* PBXTargetDependency */,
			);
			name = WorkWhizUITests;
			productName = WorkWhizUITests;
			productReference = 2A2667902B9CD212005BAF19 /* WorkWhizUITests.xctest */;
			productType = "com.apple.product-type.bundle.ui-testing";
		};
/* End PBXNativeTarget section */

/* Begin PBXProject section */
		2A26676E2B9CD211005BAF19 /* Project object */ = {
			isa = PBXProject;
			attributes = {
				BuildIndependentTargetsInParallel = 1;
				LastSwiftUpdateCheck = 1500;
				LastUpgradeCheck = 1500;
				TargetAttributes = {
					2A2667752B9CD211005BAF19 = {
						CreatedOnToolsVersion = 15.0;
					};
					2A2667852B9CD212005BAF19 = {
						CreatedOnToolsVersion = 15.0;
						TestTargetID = 2A2667752B9CD211005BAF19;
					};
					2A26678F2B9CD212005BAF19 = {
						CreatedOnToolsVersion = 15.0;
						TestTargetID = 2A2667752B9CD211005BAF19;
					};
				};
			};
			buildConfigurationList = 2A2667712B9CD211005BAF19 /* Build configuration list for PBXProject "WorkWhiz" */;
			compatibilityVersion = "Xcode 14.0";
			developmentRegion = en;
			hasScannedForEncodings = 0;
			knownRegions = (
				en,
				Base,
			);
			mainGroup = 2A26676D2B9CD211005BAF19;
			packageReferences = (
				2A291FFC2BD142DB0066DF03 /* XCRemoteSwiftPackageReference "keychain-swift" */,
			);
			productRefGroup = 2A2667772B9CD211005BAF19 /* Products */;
			projectDirPath = "";
			projectRoot = "";
			targets = (
				2A2667752B9CD211005BAF19 /* WorkWhiz */,
				2A2667852B9CD212005BAF19 /* WorkWhizTests */,
				2A26678F2B9CD212005BAF19 /* WorkWhizUITests */,
			);
		};
/* End PBXProject section */

/* Begin PBXResourcesBuildPhase section */
		2A2667742B9CD211005BAF19 /* Resources */ = {
			isa = PBXResourcesBuildPhase;
			buildActionMask = 2147483647;
			files = (
				2A56B5C72BD58F1100AC2599 /* SourceSansPro-ExtraLight.ttf in Resources */,
				2A56B5C42BD58F1100AC2599 /* SourceSansPro-LightItalic.ttf in Resources */,
				2A56B5C22BD58F1100AC2599 /* SourceSansPro-Regular.ttf in Resources */,
				2A56B5CA2BD58F1100AC2599 /* SourceSansPro-ExtraLightItalic.ttf in Resources */,
				2A56B5C82BD58F1100AC2599 /* SourceSansPro-BoldItalic.ttf in Resources */,
				2A56B5C02BD58F1100AC2599 /* SourceSansPro-BlackItalic.ttf in Resources */,
				2A2667812B9CD212005BAF19 /* Preview Assets.xcassets in Resources */,
				2A56B5C12BD58F1100AC2599 /* SourceSansPro-SemiBoldItalic.ttf in Resources */,
				2A26677E2B9CD212005BAF19 /* Assets.xcassets in Resources */,
				2A56B5C32BD58F1100AC2599 /* SourceSansPro-Bold.ttf in Resources */,
				2A56B5C92BD58F1100AC2599 /* SourceSansPro-SemiBold.ttf in Resources */,
				2A56B5C62BD58F1100AC2599 /* SourceSansPro-Black.ttf in Resources */,
				2A56B5CB2BD58F1100AC2599 /* SourceSansPro-Italic.ttf in Resources */,
				2A56B5C52BD58F1100AC2599 /* SourceSansPro-Light.ttf in Resources */,
			);
			runOnlyForDeploymentPostprocessing = 0;
		};
		2A2667842B9CD212005BAF19 /* Resources */ = {
			isa = PBXResourcesBuildPhase;
			buildActionMask = 2147483647;
			files = (
			);
			runOnlyForDeploymentPostprocessing = 0;
		};
		2A26678E2B9CD212005BAF19 /* Resources */ = {
			isa = PBXResourcesBuildPhase;
			buildActionMask = 2147483647;
			files = (
			);
			runOnlyForDeploymentPostprocessing = 0;
		};
/* End PBXResourcesBuildPhase section */

/* Begin PBXSourcesBuildPhase section */
		2A2667722B9CD211005BAF19 /* Sources */ = {
			isa = PBXSourcesBuildPhase;
			buildActionMask = 2147483647;
			files = (
				2A747C862BD82C2900404182 /* MessagesCoordinator.swift in Sources */,
				2A6223282BD6EF1300828BB9 /* Typealiases.swift in Sources */,
				2A61A11F2BD650300039FC92 /* LoginDestination.swift in Sources */,
				2A61A0F82BD64E0F0039FC92 /* ColorExtension.swift in Sources */,
				2A61A1142BD64FE00039FC92 /* HomeDestination.swift in Sources */,
				2A61A1152BD64FE00039FC92 /* HomeCoordinatorView.swift in Sources */,
				2A747C772BD8077000404182 /* ForgotPasswordViewModel.swift in Sources */,
				2A61A0F12BD64D0A0039FC92 /* SignInViewModel.swift in Sources */,
				2A61A10A2BD64F830039FC92 /* TabBarCoordinator.swift in Sources */,
				2A747C812BD82A6F00404182 /* JobsView.swift in Sources */,
				2A747C7A2BD829C200404182 /* JobsCoordinator.swift in Sources */,
				2A61A1272BD6D24E0039FC92 /* CornerRadius.swift in Sources */,
				2A61A0F32BD64D1A0039FC92 /* HomeViewModel.swift in Sources */,
				2A62232A2BD6F07900828BB9 /* SignInView.swift in Sources */,
				2A61A1102BD64FD20039FC92 /* AppDestination.swift in Sources */,
				2A61A1002BD64F380039FC92 /* Coordinator.swift in Sources */,
				2A61A1212BD650300039FC92 /* LoginCoordinatorView.swift in Sources */,
				2A61A1202BD650300039FC92 /* LoginCoordinator.swift in Sources */,
				2A330F552BD708640046C7DE /* SignUpViewModel.swift in Sources */,
				2A747C8A2BD82C5000404182 /* MessagesDestination.swift in Sources */,
				2A26677C2B9CD211005BAF19 /* ContentView.swift in Sources */,
				2A747C8F2BD82D0400404182 /* MessagesViewModel.swift in Sources */,
				2A330F572BD70B750046C7DE /* SignUpView.swift in Sources */,
				2A747C8D2BD82CD600404182 /* MessagesView.swift in Sources */,
				2A26677A2B9CD211005BAF19 /* WorkWhizApp.swift in Sources */,
				2A747C7E2BD829F400404182 /* JobsDestination.swift in Sources */,
				2A61A10C2BD64FB90039FC92 /* AppCoordinator.swift in Sources */,
				2A61A0FC2BD64EE50039FC92 /* AppTheme.swift in Sources */,
				2A61A1062BD64F6A0039FC92 /* TabBarDestination.swift in Sources */,
				2A61A1082BD64F740039FC92 /* TabBarCoordinatorView.swift in Sources */,
				2A747C882BD82C3700404182 /* MessagesCoordinatorView.swift in Sources */,
				2A747C832BD82A9500404182 /* JobsViewModel.swift in Sources */,
				2A747C7C2BD829DD00404182 /* JobsCoordinatorView.swift in Sources */,
				2A747C752BD8067000404182 /* ForgotPasswordView.swift in Sources */,
				2A61A1162BD64FE00039FC92 /* HomeCoordinator.swift in Sources */,
				2A6223252BD6E24800828BB9 /* CustomButton.swift in Sources */,
				2A61A10E2BD64FC90039FC92 /* AppCoordinatorView.swift in Sources */,
				2A61A0F52BD64D840039FC92 /* HomeView.swift in Sources */,
				2A61A0FA2BD64E680039FC92 /* FontExtensions.swift in Sources */,
			);
			runOnlyForDeploymentPostprocessing = 0;
		};
		2A2667822B9CD212005BAF19 /* Sources */ = {
			isa = PBXSourcesBuildPhase;
			buildActionMask = 2147483647;
			files = (
				2A26678B2B9CD212005BAF19 /* WorkWhizTests.swift in Sources */,
			);
			runOnlyForDeploymentPostprocessing = 0;
		};
		2A26678C2B9CD212005BAF19 /* Sources */ = {
			isa = PBXSourcesBuildPhase;
			buildActionMask = 2147483647;
			files = (
				2A2667972B9CD212005BAF19 /* WorkWhizUITestsLaunchTests.swift in Sources */,
				2A2667952B9CD212005BAF19 /* WorkWhizUITests.swift in Sources */,
			);
			runOnlyForDeploymentPostprocessing = 0;
		};
/* End PBXSourcesBuildPhase section */

/* Begin PBXTargetDependency section */
		2A2667882B9CD212005BAF19 /* PBXTargetDependency */ = {
			isa = PBXTargetDependency;
			target = 2A2667752B9CD211005BAF19 /* WorkWhiz */;
			targetProxy = 2A2667872B9CD212005BAF19 /* PBXContainerItemProxy */;
		};
		2A2667922B9CD212005BAF19 /* PBXTargetDependency */ = {
			isa = PBXTargetDependency;
			target = 2A2667752B9CD211005BAF19 /* WorkWhiz */;
			targetProxy = 2A2667912B9CD212005BAF19 /* PBXContainerItemProxy */;
		};
/* End PBXTargetDependency section */

/* Begin XCBuildConfiguration section */
		2A2667982B9CD212005BAF19 /* Debug */ = {
			isa = XCBuildConfiguration;
			buildSettings = {
				ALWAYS_SEARCH_USER_PATHS = NO;
				ASSETCATALOG_COMPILER_GENERATE_SWIFT_ASSET_SYMBOL_EXTENSIONS = YES;
				CLANG_ANALYZER_NONNULL = YES;
				CLANG_ANALYZER_NUMBER_OBJECT_CONVERSION = YES_AGGRESSIVE;
				CLANG_CXX_LANGUAGE_STANDARD = "gnu++20";
				CLANG_ENABLE_MODULES = YES;
				CLANG_ENABLE_OBJC_ARC = YES;
				CLANG_ENABLE_OBJC_WEAK = YES;
				CLANG_WARN_BLOCK_CAPTURE_AUTORELEASING = YES;
				CLANG_WARN_BOOL_CONVERSION = YES;
				CLANG_WARN_COMMA = YES;
				CLANG_WARN_CONSTANT_CONVERSION = YES;
				CLANG_WARN_DEPRECATED_OBJC_IMPLEMENTATIONS = YES;
				CLANG_WARN_DIRECT_OBJC_ISA_USAGE = YES_ERROR;
				CLANG_WARN_DOCUMENTATION_COMMENTS = YES;
				CLANG_WARN_EMPTY_BODY = YES;
				CLANG_WARN_ENUM_CONVERSION = YES;
				CLANG_WARN_INFINITE_RECURSION = YES;
				CLANG_WARN_INT_CONVERSION = YES;
				CLANG_WARN_NON_LITERAL_NULL_CONVERSION = YES;
				CLANG_WARN_OBJC_IMPLICIT_RETAIN_SELF = YES;
				CLANG_WARN_OBJC_LITERAL_CONVERSION = YES;
				CLANG_WARN_OBJC_ROOT_CLASS = YES_ERROR;
				CLANG_WARN_QUOTED_INCLUDE_IN_FRAMEWORK_HEADER = YES;
				CLANG_WARN_RANGE_LOOP_ANALYSIS = YES;
				CLANG_WARN_STRICT_PROTOTYPES = YES;
				CLANG_WARN_SUSPICIOUS_MOVE = YES;
				CLANG_WARN_UNGUARDED_AVAILABILITY = YES_AGGRESSIVE;
				CLANG_WARN_UNREACHABLE_CODE = YES;
				CLANG_WARN__DUPLICATE_METHOD_MATCH = YES;
				COPY_PHASE_STRIP = NO;
				DEBUG_INFORMATION_FORMAT = dwarf;
				ENABLE_STRICT_OBJC_MSGSEND = YES;
				ENABLE_TESTABILITY = YES;
				ENABLE_USER_SCRIPT_SANDBOXING = YES;
				GCC_C_LANGUAGE_STANDARD = gnu17;
				GCC_DYNAMIC_NO_PIC = NO;
				GCC_NO_COMMON_BLOCKS = YES;
				GCC_OPTIMIZATION_LEVEL = 0;
				GCC_PREPROCESSOR_DEFINITIONS = (
					"DEBUG=1",
					"$(inherited)",
				);
				GCC_WARN_64_TO_32_BIT_CONVERSION = YES;
				GCC_WARN_ABOUT_RETURN_TYPE = YES_ERROR;
				GCC_WARN_UNDECLARED_SELECTOR = YES;
				GCC_WARN_UNINITIALIZED_AUTOS = YES_AGGRESSIVE;
				GCC_WARN_UNUSED_FUNCTION = YES;
				GCC_WARN_UNUSED_VARIABLE = YES;
				IPHONEOS_DEPLOYMENT_TARGET = 17.0;
				LOCALIZATION_PREFERS_STRING_CATALOGS = YES;
				MTL_ENABLE_DEBUG_INFO = INCLUDE_SOURCE;
				MTL_FAST_MATH = YES;
				ONLY_ACTIVE_ARCH = YES;
				SDKROOT = iphoneos;
				SWIFT_ACTIVE_COMPILATION_CONDITIONS = "DEBUG $(inherited)";
				SWIFT_OPTIMIZATION_LEVEL = "-Onone";
			};
			name = Debug;
		};
		2A2667992B9CD212005BAF19 /* Release */ = {
			isa = XCBuildConfiguration;
			buildSettings = {
				ALWAYS_SEARCH_USER_PATHS = NO;
				ASSETCATALOG_COMPILER_GENERATE_SWIFT_ASSET_SYMBOL_EXTENSIONS = YES;
				CLANG_ANALYZER_NONNULL = YES;
				CLANG_ANALYZER_NUMBER_OBJECT_CONVERSION = YES_AGGRESSIVE;
				CLANG_CXX_LANGUAGE_STANDARD = "gnu++20";
				CLANG_ENABLE_MODULES = YES;
				CLANG_ENABLE_OBJC_ARC = YES;
				CLANG_ENABLE_OBJC_WEAK = YES;
				CLANG_WARN_BLOCK_CAPTURE_AUTORELEASING = YES;
				CLANG_WARN_BOOL_CONVERSION = YES;
				CLANG_WARN_COMMA = YES;
				CLANG_WARN_CONSTANT_CONVERSION = YES;
				CLANG_WARN_DEPRECATED_OBJC_IMPLEMENTATIONS = YES;
				CLANG_WARN_DIRECT_OBJC_ISA_USAGE = YES_ERROR;
				CLANG_WARN_DOCUMENTATION_COMMENTS = YES;
				CLANG_WARN_EMPTY_BODY = YES;
				CLANG_WARN_ENUM_CONVERSION = YES;
				CLANG_WARN_INFINITE_RECURSION = YES;
				CLANG_WARN_INT_CONVERSION = YES;
				CLANG_WARN_NON_LITERAL_NULL_CONVERSION = YES;
				CLANG_WARN_OBJC_IMPLICIT_RETAIN_SELF = YES;
				CLANG_WARN_OBJC_LITERAL_CONVERSION = YES;
				CLANG_WARN_OBJC_ROOT_CLASS = YES_ERROR;
				CLANG_WARN_QUOTED_INCLUDE_IN_FRAMEWORK_HEADER = YES;
				CLANG_WARN_RANGE_LOOP_ANALYSIS = YES;
				CLANG_WARN_STRICT_PROTOTYPES = YES;
				CLANG_WARN_SUSPICIOUS_MOVE = YES;
				CLANG_WARN_UNGUARDED_AVAILABILITY = YES_AGGRESSIVE;
				CLANG_WARN_UNREACHABLE_CODE = YES;
				CLANG_WARN__DUPLICATE_METHOD_MATCH = YES;
				COPY_PHASE_STRIP = NO;
				DEBUG_INFORMATION_FORMAT = "dwarf-with-dsym";
				ENABLE_NS_ASSERTIONS = NO;
				ENABLE_STRICT_OBJC_MSGSEND = YES;
				ENABLE_USER_SCRIPT_SANDBOXING = YES;
				GCC_C_LANGUAGE_STANDARD = gnu17;
				GCC_NO_COMMON_BLOCKS = YES;
				GCC_WARN_64_TO_32_BIT_CONVERSION = YES;
				GCC_WARN_ABOUT_RETURN_TYPE = YES_ERROR;
				GCC_WARN_UNDECLARED_SELECTOR = YES;
				GCC_WARN_UNINITIALIZED_AUTOS = YES_AGGRESSIVE;
				GCC_WARN_UNUSED_FUNCTION = YES;
				GCC_WARN_UNUSED_VARIABLE = YES;
				IPHONEOS_DEPLOYMENT_TARGET = 17.0;
				LOCALIZATION_PREFERS_STRING_CATALOGS = YES;
				MTL_ENABLE_DEBUG_INFO = NO;
				MTL_FAST_MATH = YES;
				SDKROOT = iphoneos;
				SWIFT_COMPILATION_MODE = wholemodule;
				VALIDATE_PRODUCT = YES;
			};
			name = Release;
		};
		2A26679B2B9CD212005BAF19 /* Debug */ = {
			isa = XCBuildConfiguration;
			buildSettings = {
				ASSETCATALOG_COMPILER_APPICON_NAME = AppIcon;
				ASSETCATALOG_COMPILER_GLOBAL_ACCENT_COLOR_NAME = AccentColor;
				CODE_SIGN_STYLE = Automatic;
				CURRENT_PROJECT_VERSION = 1;
				DEVELOPMENT_ASSET_PATHS = "\"WorkWhiz/Preview Content\"";
				DEVELOPMENT_TEAM = 674C5F2274;
				ENABLE_PREVIEWS = YES;
				GENERATE_INFOPLIST_FILE = YES;
				INFOPLIST_FILE = WorkWhiz/Info.plist;
				INFOPLIST_KEY_UIApplicationSceneManifest_Generation = YES;
				INFOPLIST_KEY_UIApplicationSupportsIndirectInputEvents = YES;
				INFOPLIST_KEY_UILaunchScreen_Generation = YES;
				INFOPLIST_KEY_UISupportedInterfaceOrientations_iPad = "UIInterfaceOrientationPortrait UIInterfaceOrientationPortraitUpsideDown UIInterfaceOrientationLandscapeLeft UIInterfaceOrientationLandscapeRight";
				INFOPLIST_KEY_UISupportedInterfaceOrientations_iPhone = "UIInterfaceOrientationPortrait UIInterfaceOrientationLandscapeLeft UIInterfaceOrientationLandscapeRight";
				LD_RUNPATH_SEARCH_PATHS = (
					"$(inherited)",
					"@executable_path/Frameworks",
				);
				MARKETING_VERSION = 1.0;
				PRODUCT_BUNDLE_IDENTIFIER = com.WorkWhiz.WorkWhiz;
				PRODUCT_NAME = "$(TARGET_NAME)";
				SWIFT_EMIT_LOC_STRINGS = YES;
				SWIFT_VERSION = 5.0;
				TARGETED_DEVICE_FAMILY = "1,2";
			};
			name = Debug;
		};
		2A26679C2B9CD212005BAF19 /* Release */ = {
			isa = XCBuildConfiguration;
			buildSettings = {
				ASSETCATALOG_COMPILER_APPICON_NAME = AppIcon;
				ASSETCATALOG_COMPILER_GLOBAL_ACCENT_COLOR_NAME = AccentColor;
				CODE_SIGN_STYLE = Automatic;
				CURRENT_PROJECT_VERSION = 1;
				DEVELOPMENT_ASSET_PATHS = "\"WorkWhiz/Preview Content\"";
				DEVELOPMENT_TEAM = 674C5F2274;
				ENABLE_PREVIEWS = YES;
				GENERATE_INFOPLIST_FILE = YES;
				INFOPLIST_FILE = WorkWhiz/Info.plist;
				INFOPLIST_KEY_UIApplicationSceneManifest_Generation = YES;
				INFOPLIST_KEY_UIApplicationSupportsIndirectInputEvents = YES;
				INFOPLIST_KEY_UILaunchScreen_Generation = YES;
				INFOPLIST_KEY_UISupportedInterfaceOrientations_iPad = "UIInterfaceOrientationPortrait UIInterfaceOrientationPortraitUpsideDown UIInterfaceOrientationLandscapeLeft UIInterfaceOrientationLandscapeRight";
				INFOPLIST_KEY_UISupportedInterfaceOrientations_iPhone = "UIInterfaceOrientationPortrait UIInterfaceOrientationLandscapeLeft UIInterfaceOrientationLandscapeRight";
				LD_RUNPATH_SEARCH_PATHS = (
					"$(inherited)",
					"@executable_path/Frameworks",
				);
				MARKETING_VERSION = 1.0;
				PRODUCT_BUNDLE_IDENTIFIER = com.WorkWhiz.WorkWhiz;
				PRODUCT_NAME = "$(TARGET_NAME)";
				SWIFT_EMIT_LOC_STRINGS = YES;
				SWIFT_VERSION = 5.0;
				TARGETED_DEVICE_FAMILY = "1,2";
			};
			name = Release;
		};
		2A26679E2B9CD212005BAF19 /* Debug */ = {
			isa = XCBuildConfiguration;
			buildSettings = {
				ALWAYS_EMBED_SWIFT_STANDARD_LIBRARIES = YES;
				BUNDLE_LOADER = "$(TEST_HOST)";
				CODE_SIGN_STYLE = Automatic;
				CURRENT_PROJECT_VERSION = 1;
				DEVELOPMENT_TEAM = 674C5F2274;
				GENERATE_INFOPLIST_FILE = YES;
				IPHONEOS_DEPLOYMENT_TARGET = 17.0;
				MARKETING_VERSION = 1.0;
				PRODUCT_BUNDLE_IDENTIFIER = com.WorkWhiz.WorkWhiz.WorkWhizTests;
				PRODUCT_NAME = "$(TARGET_NAME)";
				SWIFT_EMIT_LOC_STRINGS = NO;
				SWIFT_VERSION = 5.0;
				TARGETED_DEVICE_FAMILY = "1,2";
				TEST_HOST = "$(BUILT_PRODUCTS_DIR)/WorkWhiz.app/$(BUNDLE_EXECUTABLE_FOLDER_PATH)/WorkWhiz";
			};
			name = Debug;
		};
		2A26679F2B9CD212005BAF19 /* Release */ = {
			isa = XCBuildConfiguration;
			buildSettings = {
				ALWAYS_EMBED_SWIFT_STANDARD_LIBRARIES = YES;
				BUNDLE_LOADER = "$(TEST_HOST)";
				CODE_SIGN_STYLE = Automatic;
				CURRENT_PROJECT_VERSION = 1;
				DEVELOPMENT_TEAM = 674C5F2274;
				GENERATE_INFOPLIST_FILE = YES;
				IPHONEOS_DEPLOYMENT_TARGET = 17.0;
				MARKETING_VERSION = 1.0;
				PRODUCT_BUNDLE_IDENTIFIER = com.WorkWhiz.WorkWhiz.WorkWhizTests;
				PRODUCT_NAME = "$(TARGET_NAME)";
				SWIFT_EMIT_LOC_STRINGS = NO;
				SWIFT_VERSION = 5.0;
				TARGETED_DEVICE_FAMILY = "1,2";
				TEST_HOST = "$(BUILT_PRODUCTS_DIR)/WorkWhiz.app/$(BUNDLE_EXECUTABLE_FOLDER_PATH)/WorkWhiz";
			};
			name = Release;
		};
		2A2667A12B9CD212005BAF19 /* Debug */ = {
			isa = XCBuildConfiguration;
			buildSettings = {
				ALWAYS_EMBED_SWIFT_STANDARD_LIBRARIES = YES;
				CODE_SIGN_STYLE = Automatic;
				CURRENT_PROJECT_VERSION = 1;
				DEVELOPMENT_TEAM = 674C5F2274;
				GENERATE_INFOPLIST_FILE = YES;
				MARKETING_VERSION = 1.0;
				PRODUCT_BUNDLE_IDENTIFIER = com.WorkWhiz.WorkWhiz.WorkWhizUITests;
				PRODUCT_NAME = "$(TARGET_NAME)";
				SWIFT_EMIT_LOC_STRINGS = NO;
				SWIFT_VERSION = 5.0;
				TARGETED_DEVICE_FAMILY = "1,2";
				TEST_TARGET_NAME = WorkWhiz;
			};
			name = Debug;
		};
		2A2667A22B9CD212005BAF19 /* Release */ = {
			isa = XCBuildConfiguration;
			buildSettings = {
				ALWAYS_EMBED_SWIFT_STANDARD_LIBRARIES = YES;
				CODE_SIGN_STYLE = Automatic;
				CURRENT_PROJECT_VERSION = 1;
				DEVELOPMENT_TEAM = 674C5F2274;
				GENERATE_INFOPLIST_FILE = YES;
				MARKETING_VERSION = 1.0;
				PRODUCT_BUNDLE_IDENTIFIER = com.WorkWhiz.WorkWhiz.WorkWhizUITests;
				PRODUCT_NAME = "$(TARGET_NAME)";
				SWIFT_EMIT_LOC_STRINGS = NO;
				SWIFT_VERSION = 5.0;
				TARGETED_DEVICE_FAMILY = "1,2";
				TEST_TARGET_NAME = WorkWhiz;
			};
			name = Release;
		};
/* End XCBuildConfiguration section */

/* Begin XCConfigurationList section */
		2A2667712B9CD211005BAF19 /* Build configuration list for PBXProject "WorkWhiz" */ = {
			isa = XCConfigurationList;
			buildConfigurations = (
				2A2667982B9CD212005BAF19 /* Debug */,
				2A2667992B9CD212005BAF19 /* Release */,
			);
			defaultConfigurationIsVisible = 0;
			defaultConfigurationName = Release;
		};
		2A26679A2B9CD212005BAF19 /* Build configuration list for PBXNativeTarget "WorkWhiz" */ = {
			isa = XCConfigurationList;
			buildConfigurations = (
				2A26679B2B9CD212005BAF19 /* Debug */,
				2A26679C2B9CD212005BAF19 /* Release */,
			);
			defaultConfigurationIsVisible = 0;
			defaultConfigurationName = Release;
		};
		2A26679D2B9CD212005BAF19 /* Build configuration list for PBXNativeTarget "WorkWhizTests" */ = {
			isa = XCConfigurationList;
			buildConfigurations = (
				2A26679E2B9CD212005BAF19 /* Debug */,
				2A26679F2B9CD212005BAF19 /* Release */,
			);
			defaultConfigurationIsVisible = 0;
			defaultConfigurationName = Release;
		};
		2A2667A02B9CD212005BAF19 /* Build configuration list for PBXNativeTarget "WorkWhizUITests" */ = {
			isa = XCConfigurationList;
			buildConfigurations = (
				2A2667A12B9CD212005BAF19 /* Debug */,
				2A2667A22B9CD212005BAF19 /* Release */,
			);
			defaultConfigurationIsVisible = 0;
			defaultConfigurationName = Release;
		};
/* End XCConfigurationList section */

/* Begin XCRemoteSwiftPackageReference section */
		2A291FFC2BD142DB0066DF03 /* XCRemoteSwiftPackageReference "keychain-swift" */ = {
			isa = XCRemoteSwiftPackageReference;
			repositoryURL = "https://github.com/evgenyneu/keychain-swift.git";
			requirement = {
				kind = upToNextMajorVersion;
				minimumVersion = 22.0.0;
			};
		};
/* End XCRemoteSwiftPackageReference section */

/* Begin XCSwiftPackageProductDependency section */
		2A291FFD2BD142DB0066DF03 /* KeychainSwift */ = {
			isa = XCSwiftPackageProductDependency;
			package = 2A291FFC2BD142DB0066DF03 /* XCRemoteSwiftPackageReference "keychain-swift" */;
			productName = KeychainSwift;
		};
/* End XCSwiftPackageProductDependency section */
	};
	rootObject = 2A26676E2B9CD211005BAF19 /* Project object */;
}
